
Microsoft Visual Studio Solution File, Format Version 12.00
# Visual Studio Version 16
VisualStudioVersion = 16.0.30717.126
MinimumVisualStudioVersion = 10.0.40219.1
Project("{FAE04EC0-301F-11D3-BF4B-00C04F79EFBC}") = "HelloWorld", "HelloWorld\HelloWorld.csproj", "{BBDA755E-128B-495C-ADCD-C2564D0CF640}"
EndProject
Global
	GlobalSection(SolutionConfigurationPlatforms) = preSolution
		Debug|Any CPU = Debug|Any CPU
		Release|Any CPU = Release|Any CPU
	EndGlobalSection
	GlobalSection(ProjectConfigurationPlatforms) = postSolution
		{BBDA755E-128B-495C-ADCD-C2564D0CF640}.Debug|Any CPU.ActiveCfg = Debug|Any CPU
		{BBDA755E-128B-495C-ADCD-C2564D0CF640}.Debug|Any CPU.Build.0 = Debug|Any CPU
		{BBDA755E-128B-495C-ADCD-C2564D0CF640}.Release|Any CPU.ActiveCfg = Release|Any CPU
		{BBDA755E-128B-495C-ADCD-C2564D0CF640}.Release|Any CPU.Build.0 = Release|Any CPU
	EndGlobalSection
	GlobalSection(SolutionProperties) = preSolution
		HideSolutionNode = FALSE
	EndGlobalSection
	GlobalSection(ExtensibilityGlobals) = postSolution
		SolutionGuid = {9E95B2AF-3F76-4983-B65C-B98D7C336471}
	EndGlobalSection
EndGlobal
